// !$*UTF8*$!
{
	archiveVersion = 1;
	classes = {
	};
	objectVersion = 56;
	objects = {

/* Begin PBXBuildFile section */
		489CA49B2D4D8170008B503F /* LeaugeTableViewController.swift in Sources */ = {isa = PBXBuildFile; fileRef = 489CA49A2D4D8170008B503F /* LeaugeTableViewController.swift */; };
		489CA49E2D4D8230008B503F /* LeaugeTableViewCell.swift in Sources */ = {isa = PBXBuildFile; fileRef = 489CA49C2D4D8230008B503F /* LeaugeTableViewCell.swift */; };
		489CA49F2D4D8230008B503F /* LeaugeTableViewCell.xib in Resources */ = {isa = PBXBuildFile; fileRef = 489CA49D2D4D8230008B503F /* LeaugeTableViewCell.xib */; };
		489CA4A22D4D988D008B503F /* Main.storyboard in Resources */ = {isa = PBXBuildFile; fileRef = 489CA4A02D4D988D008B503F /* Main.storyboard */; };
		489CA4A42D4E2E43008B503F /* LeaugeList.swift in Sources */ = {isa = PBXBuildFile; fileRef = 489CA4A32D4E2E43008B503F /* LeaugeList.swift */; };
		489CA4A72D4E3210008B503F /* NetwrokService.swift in Sources */ = {isa = PBXBuildFile; fileRef = 489CA4A62D4E3210008B503F /* NetwrokService.swift */; };
		489CA4A92D4E346E008B503F /* Present.swift in Sources */ = {isa = PBXBuildFile; fileRef = 489CA4A82D4E346E008B503F /* Present.swift */; };
		489CA4AB2D4E3750008B503F /* protocols.swift in Sources */ = {isa = PBXBuildFile; fileRef = 489CA4AA2D4E3750008B503F /* protocols.swift */; };
		48ABA18C2D4FBBCB00E28B8F /* FootBallCoreDataModel.swift in Sources */ = {isa = PBXBuildFile; fileRef = 48ABA18B2D4FBBCB00E28B8F /* FootBallCoreDataModel.swift */; };
		48ABA18E2D4FBCC000E28B8F /* CoreDataService.swift in Sources */ = {isa = PBXBuildFile; fileRef = 48ABA18D2D4FBCC000E28B8F /* CoreDataService.swift */; };
		48ABA1922D4FBDDA00E28B8F /* FavoritesTableViewController.swift in Sources */ = {isa = PBXBuildFile; fileRef = 48ABA1912D4FBDDA00E28B8F /* FavoritesTableViewController.swift */; };
		48ABA1942D4FBEEE00E28B8F /* LeaugeDetailsCollectionViewController.swift in Sources */ = {isa = PBXBuildFile; fileRef = 48ABA1932D4FBEEE00E28B8F /* LeaugeDetailsCollectionViewController.swift */; };
		48ABA1962D4FE18F00E28B8F /* Enums.swift in Sources */ = {isa = PBXBuildFile; fileRef = 48ABA1952D4FE18F00E28B8F /* Enums.swift */; };
		48B22D632D4C77750087056E /* HomeScreenCollectionViewCell.swift in Sources */ = {isa = PBXBuildFile; fileRef = 48B22D622D4C77750087056E /* HomeScreenCollectionViewCell.swift */; };
		48B22D652D4C826E0087056E /* HomeScreenViewController.swift in Sources */ = {isa = PBXBuildFile; fileRef = 48B22D642D4C826E0087056E /* HomeScreenViewController.swift */; };
		48C7ED4F2D4C458200B8DF34 /* AppDelegate.swift in Sources */ = {isa = PBXBuildFile; fileRef = 48C7ED4E2D4C458200B8DF34 /* AppDelegate.swift */; };
		48C7ED512D4C458200B8DF34 /* SceneDelegate.swift in Sources */ = {isa = PBXBuildFile; fileRef = 48C7ED502D4C458200B8DF34 /* SceneDelegate.swift */; };
		48C7ED592D4C458200B8DF34 /* SportsApp.xcdatamodeld in Sources */ = {isa = PBXBuildFile; fileRef = 48C7ED572D4C458200B8DF34 /* SportsApp.xcdatamodeld */; };
		48C7ED5B2D4C458400B8DF34 /* Assets.xcassets in Resources */ = {isa = PBXBuildFile; fileRef = 48C7ED5A2D4C458400B8DF34 /* Assets.xcassets */; };
		48C7ED5E2D4C458400B8DF34 /* LaunchScreen.storyboard in Resources */ = {isa = PBXBuildFile; fileRef = 48C7ED5C2D4C458400B8DF34 /* LaunchScreen.storyboard */; };
		48C7ED692D4C458500B8DF34 /* SportsAppTests.swift in Sources */ = {isa = PBXBuildFile; fileRef = 48C7ED682D4C458500B8DF34 /* SportsAppTests.swift */; };
		48C7ED732D4C458500B8DF34 /* SportsAppUITests.swift in Sources */ = {isa = PBXBuildFile; fileRef = 48C7ED722D4C458500B8DF34 /* SportsAppUITests.swift */; };
		48C7ED752D4C458500B8DF34 /* SportsAppUITestsLaunchTests.swift in Sources */ = {isa = PBXBuildFile; fileRef = 48C7ED742D4C458500B8DF34 /* SportsAppUITestsLaunchTests.swift */; };
		E662F0F2FDC34AB927563D5C /* Pods_SportsApp.framework in Frameworks */ = {isa = PBXBuildFile; fileRef = 107B84076900359033C32322 /* Pods_SportsApp.framework */; };
/* End PBXBuildFile section */

/* Begin PBXContainerItemProxy section */
		48C7ED652D4C458500B8DF34 /* PBXContainerItemProxy */ = {
			isa = PBXContainerItemProxy;
			containerPortal = 48C7ED432D4C458200B8DF34 /* Project object */;
			proxyType = 1;
			remoteGlobalIDString = 48C7ED4A2D4C458200B8DF34;
			remoteInfo = SportsApp;
		};
		48C7ED6F2D4C458500B8DF34 /* PBXContainerItemProxy */ = {
			isa = PBXContainerItemProxy;
			containerPortal = 48C7ED432D4C458200B8DF34 /* Project object */;
			proxyType = 1;
			remoteGlobalIDString = 48C7ED4A2D4C458200B8DF34;
			remoteInfo = SportsApp;
		};
/* End PBXContainerItemProxy section */

/* Begin PBXFileReference section */
		107B84076900359033C32322 /* Pods_SportsApp.framework */ = {isa = PBXFileReference; explicitFileType = wrapper.framework; includeInIndex = 0; path = Pods_SportsApp.framework; sourceTree = BUILT_PRODUCTS_DIR; };
		489CA49A2D4D8170008B503F /* LeaugeTableViewController.swift */ = {isa = PBXFileReference; lastKnownFileType = sourcecode.swift; path = LeaugeTableViewController.swift; sourceTree = "<group>"; };
		489CA49C2D4D8230008B503F /* LeaugeTableViewCell.swift */ = {isa = PBXFileReference; lastKnownFileType = sourcecode.swift; path = LeaugeTableViewCell.swift; sourceTree = "<group>"; };
		489CA49D2D4D8230008B503F /* LeaugeTableViewCell.xib */ = {isa = PBXFileReference; lastKnownFileType = file.xib; path = LeaugeTableViewCell.xib; sourceTree = "<group>"; };
		489CA4A12D4D988D008B503F /* Base */ = {isa = PBXFileReference; lastKnownFileType = file.storyboard; name = Base; path = Base.lproj/Main.storyboard; sourceTree = "<group>"; };
		489CA4A32D4E2E43008B503F /* LeaugeList.swift */ = {isa = PBXFileReference; lastKnownFileType = sourcecode.swift; path = LeaugeList.swift; sourceTree = "<group>"; };
		489CA4A62D4E3210008B503F /* NetwrokService.swift */ = {isa = PBXFileReference; lastKnownFileType = sourcecode.swift; path = NetwrokService.swift; sourceTree = "<group>"; };
		489CA4A82D4E346E008B503F /* Present.swift */ = {isa = PBXFileReference; lastKnownFileType = sourcecode.swift; path = Present.swift; sourceTree = "<group>"; };
		489CA4AA2D4E3750008B503F /* protocols.swift */ = {isa = PBXFileReference; lastKnownFileType = sourcecode.swift; path = protocols.swift; sourceTree = "<group>"; };
		48ABA18B2D4FBBCB00E28B8F /* FootBallCoreDataModel.swift */ = {isa = PBXFileReference; lastKnownFileType = sourcecode.swift; path = FootBallCoreDataModel.swift; sourceTree = "<group>"; };
		48ABA18D2D4FBCC000E28B8F /* CoreDataService.swift */ = {isa = PBXFileReference; lastKnownFileType = sourcecode.swift; path = CoreDataService.swift; sourceTree = "<group>"; };
		48ABA1912D4FBDDA00E28B8F /* FavoritesTableViewController.swift */ = {isa = PBXFileReference; lastKnownFileType = sourcecode.swift; path = FavoritesTableViewController.swift; sourceTree = "<group>"; };
		48ABA1932D4FBEEE00E28B8F /* LeaugeDetailsCollectionViewController.swift */ = {isa = PBXFileReference; lastKnownFileType = sourcecode.swift; path = LeaugeDetailsCollectionViewController.swift; sourceTree = "<group>"; };
		48ABA1952D4FE18F00E28B8F /* Enums.swift */ = {isa = PBXFileReference; lastKnownFileType = sourcecode.swift; path = Enums.swift; sourceTree = "<group>"; };
		48B22D622D4C77750087056E /* HomeScreenCollectionViewCell.swift */ = {isa = PBXFileReference; lastKnownFileType = sourcecode.swift; path = HomeScreenCollectionViewCell.swift; sourceTree = "<group>"; };
		48B22D642D4C826E0087056E /* HomeScreenViewController.swift */ = {isa = PBXFileReference; lastKnownFileType = sourcecode.swift; path = HomeScreenViewController.swift; sourceTree = "<group>"; };
		48C7ED4B2D4C458200B8DF34 /* SportsApp.app */ = {isa = PBXFileReference; explicitFileType = wrapper.application; includeInIndex = 0; path = SportsApp.app; sourceTree = BUILT_PRODUCTS_DIR; };
		48C7ED4E2D4C458200B8DF34 /* AppDelegate.swift */ = {isa = PBXFileReference; lastKnownFileType = sourcecode.swift; path = AppDelegate.swift; sourceTree = "<group>"; };
		48C7ED502D4C458200B8DF34 /* SceneDelegate.swift */ = {isa = PBXFileReference; lastKnownFileType = sourcecode.swift; path = SceneDelegate.swift; sourceTree = "<group>"; };
		48C7ED582D4C458200B8DF34 /* SportsApp.xcdatamodel */ = {isa = PBXFileReference; lastKnownFileType = wrapper.xcdatamodel; path = SportsApp.xcdatamodel; sourceTree = "<group>"; };
		48C7ED5A2D4C458400B8DF34 /* Assets.xcassets */ = {isa = PBXFileReference; lastKnownFileType = folder.assetcatalog; path = Assets.xcassets; sourceTree = "<group>"; };
		48C7ED5D2D4C458400B8DF34 /* Base */ = {isa = PBXFileReference; lastKnownFileType = file.storyboard; name = Base; path = Base.lproj/LaunchScreen.storyboard; sourceTree = "<group>"; };
		48C7ED5F2D4C458400B8DF34 /* Info.plist */ = {isa = PBXFileReference; lastKnownFileType = text.plist.xml; path = Info.plist; sourceTree = "<group>"; };
		48C7ED642D4C458500B8DF34 /* SportsAppTests.xctest */ = {isa = PBXFileReference; explicitFileType = wrapper.cfbundle; includeInIndex = 0; path = SportsAppTests.xctest; sourceTree = BUILT_PRODUCTS_DIR; };
		48C7ED682D4C458500B8DF34 /* SportsAppTests.swift */ = {isa = PBXFileReference; lastKnownFileType = sourcecode.swift; path = SportsAppTests.swift; sourceTree = "<group>"; };
		48C7ED6E2D4C458500B8DF34 /* SportsAppUITests.xctest */ = {isa = PBXFileReference; explicitFileType = wrapper.cfbundle; includeInIndex = 0; path = SportsAppUITests.xctest; sourceTree = BUILT_PRODUCTS_DIR; };
		48C7ED722D4C458500B8DF34 /* SportsAppUITests.swift */ = {isa = PBXFileReference; lastKnownFileType = sourcecode.swift; path = SportsAppUITests.swift; sourceTree = "<group>"; };
		48C7ED742D4C458500B8DF34 /* SportsAppUITestsLaunchTests.swift */ = {isa = PBXFileReference; lastKnownFileType = sourcecode.swift; path = SportsAppUITestsLaunchTests.swift; sourceTree = "<group>"; };
		9CE30D46FD5054D14978356B /* Pods-SportsApp.debug.xcconfig */ = {isa = PBXFileReference; includeInIndex = 1; lastKnownFileType = text.xcconfig; name = "Pods-SportsApp.debug.xcconfig"; path = "Target Support Files/Pods-SportsApp/Pods-SportsApp.debug.xcconfig"; sourceTree = "<group>"; };
		ED6552AD37EA98199F40CB21 /* Pods-SportsApp.release.xcconfig */ = {isa = PBXFileReference; includeInIndex = 1; lastKnownFileType = text.xcconfig; name = "Pods-SportsApp.release.xcconfig"; path = "Target Support Files/Pods-SportsApp/Pods-SportsApp.release.xcconfig"; sourceTree = "<group>"; };
/* End PBXFileReference section */

/* Begin PBXFrameworksBuildPhase section */
		48C7ED482D4C458200B8DF34 /* Frameworks */ = {
			isa = PBXFrameworksBuildPhase;
			buildActionMask = 2147483647;
			files = (
				E662F0F2FDC34AB927563D5C /* Pods_SportsApp.framework in Frameworks */,
			);
			runOnlyForDeploymentPostprocessing = 0;
		};
		48C7ED612D4C458500B8DF34 /* Frameworks */ = {
			isa = PBXFrameworksBuildPhase;
			buildActionMask = 2147483647;
			files = (
			);
			runOnlyForDeploymentPostprocessing = 0;
		};
		48C7ED6B2D4C458500B8DF34 /* Frameworks */ = {
			isa = PBXFrameworksBuildPhase;
			buildActionMask = 2147483647;
			files = (
			);
			runOnlyForDeploymentPostprocessing = 0;
		};
/* End PBXFrameworksBuildPhase section */

/* Begin PBXGroup section */
		489CA4A52D4E31EA008B503F /* Data */ = {
			isa = PBXGroup;
			children = (
				489CA4A62D4E3210008B503F /* NetwrokService.swift */,
				48ABA18D2D4FBCC000E28B8F /* CoreDataService.swift */,
			);
			path = Data;
			sourceTree = "<group>";
		};
		48B22D5F2D4C6BCA0087056E /* Model */ = {
			isa = PBXGroup;
			children = (
				489CA4A52D4E31EA008B503F /* Data */,
				489CA4A32D4E2E43008B503F /* LeaugeList.swift */,
				48ABA18B2D4FBBCB00E28B8F /* FootBallCoreDataModel.swift */,
			);
			path = Model;
			sourceTree = "<group>";
		};
		48B22D602D4C6BD70087056E /* View */ = {
			isa = PBXGroup;
			children = (
				48C7ED5C2D4C458400B8DF34 /* LaunchScreen.storyboard */,
				489CA4A02D4D988D008B503F /* Main.storyboard */,
				48B22D622D4C77750087056E /* HomeScreenCollectionViewCell.swift */,
				48B22D642D4C826E0087056E /* HomeScreenViewController.swift */,
				489CA49A2D4D8170008B503F /* LeaugeTableViewController.swift */,
				489CA49C2D4D8230008B503F /* LeaugeTableViewCell.swift */,
				489CA49D2D4D8230008B503F /* LeaugeTableViewCell.xib */,
				489CA4AA2D4E3750008B503F /* protocols.swift */,
				48ABA1912D4FBDDA00E28B8F /* FavoritesTableViewController.swift */,
				48ABA1932D4FBEEE00E28B8F /* LeaugeDetailsCollectionViewController.swift */,
				48ABA1952D4FE18F00E28B8F /* Enums.swift */,
			);
			path = View;
			sourceTree = "<group>";
		};
		48B22D612D4C6BE30087056E /* Presenter */ = {
			isa = PBXGroup;
			children = (
				489CA4A82D4E346E008B503F /* Present.swift */,
			);
			path = Presenter;
			sourceTree = "<group>";
		};
		48C7ED422D4C458200B8DF34 = {
			isa = PBXGroup;
			children = (
				48C7ED4D2D4C458200B8DF34 /* SportsApp */,
				48C7ED672D4C458500B8DF34 /* SportsAppTests */,
				48C7ED712D4C458500B8DF34 /* SportsAppUITests */,
				48C7ED4C2D4C458200B8DF34 /* Products */,
				E3CEF2DC62D32FC7AD6195DF /* Pods */,
				6771509AE73ED53929F4F2CA /* Frameworks */,
			);
			sourceTree = "<group>";
		};
		48C7ED4C2D4C458200B8DF34 /* Products */ = {
			isa = PBXGroup;
			children = (
				48C7ED4B2D4C458200B8DF34 /* SportsApp.app */,
				48C7ED642D4C458500B8DF34 /* SportsAppTests.xctest */,
				48C7ED6E2D4C458500B8DF34 /* SportsAppUITests.xctest */,
			);
			name = Products;
			sourceTree = "<group>";
		};
		48C7ED4D2D4C458200B8DF34 /* SportsApp */ = {
			isa = PBXGroup;
			children = (
				48B22D612D4C6BE30087056E /* Presenter */,
				48B22D602D4C6BD70087056E /* View */,
				48B22D5F2D4C6BCA0087056E /* Model */,
				48C7ED4E2D4C458200B8DF34 /* AppDelegate.swift */,
				48C7ED502D4C458200B8DF34 /* SceneDelegate.swift */,
				48C7ED5A2D4C458400B8DF34 /* Assets.xcassets */,
				48C7ED5F2D4C458400B8DF34 /* Info.plist */,
				48C7ED572D4C458200B8DF34 /* SportsApp.xcdatamodeld */,
			);
			path = SportsApp;
			sourceTree = "<group>";
		};
		48C7ED672D4C458500B8DF34 /* SportsAppTests */ = {
			isa = PBXGroup;
			children = (
				48C7ED682D4C458500B8DF34 /* SportsAppTests.swift */,
			);
			path = SportsAppTests;
			sourceTree = "<group>";
		};
		48C7ED712D4C458500B8DF34 /* SportsAppUITests */ = {
			isa = PBXGroup;
			children = (
				48C7ED722D4C458500B8DF34 /* SportsAppUITests.swift */,
				48C7ED742D4C458500B8DF34 /* SportsAppUITestsLaunchTests.swift */,
			);
			path = SportsAppUITests;
			sourceTree = "<group>";
		};
		6771509AE73ED53929F4F2CA /* Frameworks */ = {
			isa = PBXGroup;
			children = (
				107B84076900359033C32322 /* Pods_SportsApp.framework */,
			);
			name = Frameworks;
			sourceTree = "<group>";
		};
		E3CEF2DC62D32FC7AD6195DF /* Pods */ = {
			isa = PBXGroup;
			children = (
				9CE30D46FD5054D14978356B /* Pods-SportsApp.debug.xcconfig */,
				ED6552AD37EA98199F40CB21 /* Pods-SportsApp.release.xcconfig */,
			);
			path = Pods;
			sourceTree = "<group>";
		};
/* End PBXGroup section */

/* Begin PBXNativeTarget section */
		48C7ED4A2D4C458200B8DF34 /* SportsApp */ = {
			isa = PBXNativeTarget;
			buildConfigurationList = 48C7ED782D4C458500B8DF34 /* Build configuration list for PBXNativeTarget "SportsApp" */;
			buildPhases = (
				9514921A3A79879646E40D2E /* [CP] Check Pods Manifest.lock */,
				48C7ED472D4C458200B8DF34 /* Sources */,
				48C7ED482D4C458200B8DF34 /* Frameworks */,
				48C7ED492D4C458200B8DF34 /* Resources */,
				9F0D246A70A75334D42AD7CE /* [CP] Embed Pods Frameworks */,
			);
			buildRules = (
			);
			dependencies = (
			);
			name = SportsApp;
			productName = SportsApp;
			productReference = 48C7ED4B2D4C458200B8DF34 /* SportsApp.app */;
			productType = "com.apple.product-type.application";
		};
		48C7ED632D4C458500B8DF34 /* SportsAppTests */ = {
			isa = PBXNativeTarget;
			buildConfigurationList = 48C7ED7B2D4C458500B8DF34 /* Build configuration list for PBXNativeTarget "SportsAppTests" */;
			buildPhases = (
				48C7ED602D4C458500B8DF34 /* Sources */,
				48C7ED612D4C458500B8DF34 /* Frameworks */,
				48C7ED622D4C458500B8DF34 /* Resources */,
			);
			buildRules = (
			);
			dependencies = (
				48C7ED662D4C458500B8DF34 /* PBXTargetDependency */,
			);
			name = SportsAppTests;
			productName = SportsAppTests;
			productReference = 48C7ED642D4C458500B8DF34 /* SportsAppTests.xctest */;
			productType = "com.apple.product-type.bundle.unit-test";
		};
		48C7ED6D2D4C458500B8DF34 /* SportsAppUITests */ = {
			isa = PBXNativeTarget;
			buildConfigurationList = 48C7ED7E2D4C458500B8DF34 /* Build configuration list for PBXNativeTarget "SportsAppUITests" */;
			buildPhases = (
				48C7ED6A2D4C458500B8DF34 /* Sources */,
				48C7ED6B2D4C458500B8DF34 /* Frameworks */,
				48C7ED6C2D4C458500B8DF34 /* Resources */,
			);
			buildRules = (
			);
			dependencies = (
				48C7ED702D4C458500B8DF34 /* PBXTargetDependency */,
			);
			name = SportsAppUITests;
			productName = SportsAppUITests;
			productReference = 48C7ED6E2D4C458500B8DF34 /* SportsAppUITests.xctest */;
			productType = "com.apple.product-type.bundle.ui-testing";
		};
/* End PBXNativeTarget section */

/* Begin PBXProject section */
		48C7ED432D4C458200B8DF34 /* Project object */ = {
			isa = PBXProject;
			attributes = {
				BuildIndependentTargetsInParallel = 1;
				LastSwiftUpdateCheck = 1520;
				LastUpgradeCheck = 1520;
				TargetAttributes = {
					48C7ED4A2D4C458200B8DF34 = {
						CreatedOnToolsVersion = 15.2;
					};
					48C7ED632D4C458500B8DF34 = {
						CreatedOnToolsVersion = 15.2;
						TestTargetID = 48C7ED4A2D4C458200B8DF34;
					};
					48C7ED6D2D4C458500B8DF34 = {
						CreatedOnToolsVersion = 15.2;
						TestTargetID = 48C7ED4A2D4C458200B8DF34;
					};
				};
			};
			buildConfigurationList = 48C7ED462D4C458200B8DF34 /* Build configuration list for PBXProject "SportsApp" */;
			compatibilityVersion = "Xcode 14.0";
			developmentRegion = en;
			hasScannedForEncodings = 0;
			knownRegions = (
				en,
				Base,
			);
			mainGroup = 48C7ED422D4C458200B8DF34;
			productRefGroup = 48C7ED4C2D4C458200B8DF34 /* Products */;
			projectDirPath = "";
			projectRoot = "";
			targets = (
				48C7ED4A2D4C458200B8DF34 /* SportsApp */,
				48C7ED632D4C458500B8DF34 /* SportsAppTests */,
				48C7ED6D2D4C458500B8DF34 /* SportsAppUITests */,
			);
		};
/* End PBXProject section */

/* Begin PBXResourcesBuildPhase section */
		48C7ED492D4C458200B8DF34 /* Resources */ = {
			isa = PBXResourcesBuildPhase;
			buildActionMask = 2147483647;
			files = (
				48C7ED5E2D4C458400B8DF34 /* LaunchScreen.storyboard in Resources */,
				48C7ED5B2D4C458400B8DF34 /* Assets.xcassets in Resources */,
				489CA49F2D4D8230008B503F /* LeaugeTableViewCell.xib in Resources */,
				489CA4A22D4D988D008B503F /* Main.storyboard in Resources */,
			);
			runOnlyForDeploymentPostprocessing = 0;
		};
		48C7ED622D4C458500B8DF34 /* Resources */ = {
			isa = PBXResourcesBuildPhase;
			buildActionMask = 2147483647;
			files = (
			);
			runOnlyForDeploymentPostprocessing = 0;
		};
		48C7ED6C2D4C458500B8DF34 /* Resources */ = {
			isa = PBXResourcesBuildPhase;
			buildActionMask = 2147483647;
			files = (
			);
			runOnlyForDeploymentPostprocessing = 0;
		};
/* End PBXResourcesBuildPhase section */

/* Begin PBXShellScriptBuildPhase section */
		9514921A3A79879646E40D2E /* [CP] Check Pods Manifest.lock */ = {
			isa = PBXShellScriptBuildPhase;
			buildActionMask = 2147483647;
			files = (
			);
			inputFileListPaths = (
			);
			inputPaths = (
				"${PODS_PODFILE_DIR_PATH}/Podfile.lock",
				"${PODS_ROOT}/Manifest.lock",
			);
			name = "[CP] Check Pods Manifest.lock";
			outputFileListPaths = (
			);
			outputPaths = (
				"$(DERIVED_FILE_DIR)/Pods-SportsApp-checkManifestLockResult.txt",
			);
			runOnlyForDeploymentPostprocessing = 0;
			shellPath = /bin/sh;
			shellScript = "diff \"${PODS_PODFILE_DIR_PATH}/Podfile.lock\" \"${PODS_ROOT}/Manifest.lock\" > /dev/null\nif [ $? != 0 ] ; then\n    # print error to STDERR\n    echo \"error: The sandbox is not in sync with the Podfile.lock. Run 'pod install' or update your CocoaPods installation.\" >&2\n    exit 1\nfi\n# This output is used by Xcode 'outputs' to avoid re-running this script phase.\necho \"SUCCESS\" > \"${SCRIPT_OUTPUT_FILE_0}\"\n";
			showEnvVarsInLog = 0;
		};
		9F0D246A70A75334D42AD7CE /* [CP] Embed Pods Frameworks */ = {
			isa = PBXShellScriptBuildPhase;
			buildActionMask = 2147483647;
			files = (
			);
			inputFileListPaths = (
				"${PODS_ROOT}/Target Support Files/Pods-SportsApp/Pods-SportsApp-frameworks-${CONFIGURATION}-input-files.xcfilelist",
			);
			name = "[CP] Embed Pods Frameworks";
			outputFileListPaths = (
				"${PODS_ROOT}/Target Support Files/Pods-SportsApp/Pods-SportsApp-frameworks-${CONFIGURATION}-output-files.xcfilelist",
			);
			runOnlyForDeploymentPostprocessing = 0;
			shellPath = /bin/sh;
			shellScript = "\"${PODS_ROOT}/Target Support Files/Pods-SportsApp/Pods-SportsApp-frameworks.sh\"\n";
			showEnvVarsInLog = 0;
		};
/* End PBXShellScriptBuildPhase section */

/* Begin PBXSourcesBuildPhase section */
		48C7ED472D4C458200B8DF34 /* Sources */ = {
			isa = PBXSourcesBuildPhase;
			buildActionMask = 2147483647;
			files = (
				48C7ED4F2D4C458200B8DF34 /* AppDelegate.swift in Sources */,
				48ABA18E2D4FBCC000E28B8F /* CoreDataService.swift in Sources */,
				48ABA18C2D4FBBCB00E28B8F /* FootBallCoreDataModel.swift in Sources */,
				48B22D632D4C77750087056E /* HomeScreenCollectionViewCell.swift in Sources */,
				48ABA1962D4FE18F00E28B8F /* Enums.swift in Sources */,
				489CA4A92D4E346E008B503F /* Present.swift in Sources */,
				48ABA1922D4FBDDA00E28B8F /* FavoritesTableViewController.swift in Sources */,
				48C7ED592D4C458200B8DF34 /* SportsApp.xcdatamodeld in Sources */,
				489CA49E2D4D8230008B503F /* LeaugeTableViewCell.swift in Sources */,
				489CA49B2D4D8170008B503F /* LeaugeTableViewController.swift in Sources */,
				489CA4AB2D4E3750008B503F /* protocols.swift in Sources */,
				489CA4A72D4E3210008B503F /* NetwrokService.swift in Sources */,
				48C7ED512D4C458200B8DF34 /* SceneDelegate.swift in Sources */,
				48ABA1942D4FBEEE00E28B8F /* LeaugeDetailsCollectionViewController.swift in Sources */,
				489CA4A42D4E2E43008B503F /* LeaugeList.swift in Sources */,
				48B22D652D4C826E0087056E /* HomeScreenViewController.swift in Sources */,
			);
			runOnlyForDeploymentPostprocessing = 0;
		};
		48C7ED602D4C458500B8DF34 /* Sources */ = {
			isa = PBXSourcesBuildPhase;
			buildActionMask = 2147483647;
			files = (
				48C7ED692D4C458500B8DF34 /* SportsAppTests.swift in Sources */,
			);
			runOnlyForDeploymentPostprocessing = 0;
		};
		48C7ED6A2D4C458500B8DF34 /* Sources */ = {
			isa = PBXSourcesBuildPhase;
			buildActionMask = 2147483647;
			files = (
				48C7ED732D4C458500B8DF34 /* SportsAppUITests.swift in Sources */,
				48C7ED752D4C458500B8DF34 /* SportsAppUITestsLaunchTests.swift in Sources */,
			);
			runOnlyForDeploymentPostprocessing = 0;
		};
/* End PBXSourcesBuildPhase section */

/* Begin PBXTargetDependency section */
		48C7ED662D4C458500B8DF34 /* PBXTargetDependency */ = {
			isa = PBXTargetDependency;
			target = 48C7ED4A2D4C458200B8DF34 /* SportsApp */;
			targetProxy = 48C7ED652D4C458500B8DF34 /* PBXContainerItemProxy */;
		};
		48C7ED702D4C458500B8DF34 /* PBXTargetDependency */ = {
			isa = PBXTargetDependency;
			target = 48C7ED4A2D4C458200B8DF34 /* SportsApp */;
			targetProxy = 48C7ED6F2D4C458500B8DF34 /* PBXContainerItemProxy */;
		};
/* End PBXTargetDependency section */

/* Begin PBXVariantGroup section */
		489CA4A02D4D988D008B503F /* Main.storyboard */ = {
			isa = PBXVariantGroup;
			children = (
				489CA4A12D4D988D008B503F /* Base */,
			);
			name = Main.storyboard;
			sourceTree = "<group>";
		};
		48C7ED5C2D4C458400B8DF34 /* LaunchScreen.storyboard */ = {
			isa = PBXVariantGroup;
			children = (
				48C7ED5D2D4C458400B8DF34 /* Base */,
			);
			name = LaunchScreen.storyboard;
			sourceTree = "<group>";
		};
/* End PBXVariantGroup section */

/* Begin XCBuildConfiguration section */
		48C7ED762D4C458500B8DF34 /* Debug */ = {
			isa = XCBuildConfiguration;
			buildSettings = {
				ALWAYS_SEARCH_USER_PATHS = NO;
				ASSETCATALOG_COMPILER_GENERATE_SWIFT_ASSET_SYMBOL_EXTENSIONS = YES;
				CLANG_ANALYZER_NONNULL = YES;
				CLANG_ANALYZER_NUMBER_OBJECT_CONVERSION = YES_AGGRESSIVE;
				CLANG_CXX_LANGUAGE_STANDARD = "gnu++20";
				CLANG_ENABLE_MODULES = YES;
				CLANG_ENABLE_OBJC_ARC = YES;
				CLANG_ENABLE_OBJC_WEAK = YES;
				CLANG_WARN_BLOCK_CAPTURE_AUTORELEASING = YES;
				CLANG_WARN_BOOL_CONVERSION = YES;
				CLANG_WARN_COMMA = YES;
				CLANG_WARN_CONSTANT_CONVERSION = YES;
				CLANG_WARN_DEPRECATED_OBJC_IMPLEMENTATIONS = YES;
				CLANG_WARN_DIRECT_OBJC_ISA_USAGE = YES_ERROR;
				CLANG_WARN_DOCUMENTATION_COMMENTS = YES;
				CLANG_WARN_EMPTY_BODY = YES;
				CLANG_WARN_ENUM_CONVERSION = YES;
				CLANG_WARN_INFINITE_RECURSION = YES;
				CLANG_WARN_INT_CONVERSION = YES;
				CLANG_WARN_NON_LITERAL_NULL_CONVERSION = YES;
				CLANG_WARN_OBJC_IMPLICIT_RETAIN_SELF = YES;
				CLANG_WARN_OBJC_LITERAL_CONVERSION = YES;
				CLANG_WARN_OBJC_ROOT_CLASS = YES_ERROR;
				CLANG_WARN_QUOTED_INCLUDE_IN_FRAMEWORK_HEADER = YES;
				CLANG_WARN_RANGE_LOOP_ANALYSIS = YES;
				CLANG_WARN_STRICT_PROTOTYPES = YES;
				CLANG_WARN_SUSPICIOUS_MOVE = YES;
				CLANG_WARN_UNGUARDED_AVAILABILITY = YES_AGGRESSIVE;
				CLANG_WARN_UNREACHABLE_CODE = YES;
				CLANG_WARN__DUPLICATE_METHOD_MATCH = YES;
				COPY_PHASE_STRIP = NO;
				DEBUG_INFORMATION_FORMAT = dwarf;
				ENABLE_STRICT_OBJC_MSGSEND = YES;
				ENABLE_TESTABILITY = YES;
				ENABLE_USER_SCRIPT_SANDBOXING = YES;
				GCC_C_LANGUAGE_STANDARD = gnu17;
				GCC_DYNAMIC_NO_PIC = NO;
				GCC_NO_COMMON_BLOCKS = YES;
				GCC_OPTIMIZATION_LEVEL = 0;
				GCC_PREPROCESSOR_DEFINITIONS = (
					"DEBUG=1",
					"$(inherited)",
				);
				GCC_WARN_64_TO_32_BIT_CONVERSION = YES;
				GCC_WARN_ABOUT_RETURN_TYPE = YES_ERROR;
				GCC_WARN_UNDECLARED_SELECTOR = YES;
				GCC_WARN_UNINITIALIZED_AUTOS = YES_AGGRESSIVE;
				GCC_WARN_UNUSED_FUNCTION = YES;
				GCC_WARN_UNUSED_VARIABLE = YES;
				IPHONEOS_DEPLOYMENT_TARGET = 17.2;
				LOCALIZATION_PREFERS_STRING_CATALOGS = YES;
				MTL_ENABLE_DEBUG_INFO = INCLUDE_SOURCE;
				MTL_FAST_MATH = YES;
				ONLY_ACTIVE_ARCH = YES;
				SDKROOT = iphoneos;
				SWIFT_ACTIVE_COMPILATION_CONDITIONS = "DEBUG $(inherited)";
				SWIFT_OPTIMIZATION_LEVEL = "-Onone";
			};
			name = Debug;
		};
		48C7ED772D4C458500B8DF34 /* Release */ = {
			isa = XCBuildConfiguration;
			buildSettings = {
				ALWAYS_SEARCH_USER_PATHS = NO;
				ASSETCATALOG_COMPILER_GENERATE_SWIFT_ASSET_SYMBOL_EXTENSIONS = YES;
				CLANG_ANALYZER_NONNULL = YES;
				CLANG_ANALYZER_NUMBER_OBJECT_CONVERSION = YES_AGGRESSIVE;
				CLANG_CXX_LANGUAGE_STANDARD = "gnu++20";
				CLANG_ENABLE_MODULES = YES;
				CLANG_ENABLE_OBJC_ARC = YES;
				CLANG_ENABLE_OBJC_WEAK = YES;
				CLANG_WARN_BLOCK_CAPTURE_AUTORELEASING = YES;
				CLANG_WARN_BOOL_CONVERSION = YES;
				CLANG_WARN_COMMA = YES;
				CLANG_WARN_CONSTANT_CONVERSION = YES;
				CLANG_WARN_DEPRECATED_OBJC_IMPLEMENTATIONS = YES;
				CLANG_WARN_DIRECT_OBJC_ISA_USAGE = YES_ERROR;
				CLANG_WARN_DOCUMENTATION_COMMENTS = YES;
				CLANG_WARN_EMPTY_BODY = YES;
				CLANG_WARN_ENUM_CONVERSION = YES;
				CLANG_WARN_INFINITE_RECURSION = YES;
				CLANG_WARN_INT_CONVERSION = YES;
				CLANG_WARN_NON_LITERAL_NULL_CONVERSION = YES;
				CLANG_WARN_OBJC_IMPLICIT_RETAIN_SELF = YES;
				CLANG_WARN_OBJC_LITERAL_CONVERSION = YES;
				CLANG_WARN_OBJC_ROOT_CLASS = YES_ERROR;
				CLANG_WARN_QUOTED_INCLUDE_IN_FRAMEWORK_HEADER = YES;
				CLANG_WARN_RANGE_LOOP_ANALYSIS = YES;
				CLANG_WARN_STRICT_PROTOTYPES = YES;
				CLANG_WARN_SUSPICIOUS_MOVE = YES;
				CLANG_WARN_UNGUARDED_AVAILABILITY = YES_AGGRESSIVE;
				CLANG_WARN_UNREACHABLE_CODE = YES;
				CLANG_WARN__DUPLICATE_METHOD_MATCH = YES;
				COPY_PHASE_STRIP = NO;
				DEBUG_INFORMATION_FORMAT = "dwarf-with-dsym";
				ENABLE_NS_ASSERTIONS = NO;
				ENABLE_STRICT_OBJC_MSGSEND = YES;
				ENABLE_USER_SCRIPT_SANDBOXING = YES;
				GCC_C_LANGUAGE_STANDARD = gnu17;
				GCC_NO_COMMON_BLOCKS = YES;
				GCC_WARN_64_TO_32_BIT_CONVERSION = YES;
				GCC_WARN_ABOUT_RETURN_TYPE = YES_ERROR;
				GCC_WARN_UNDECLARED_SELECTOR = YES;
				GCC_WARN_UNINITIALIZED_AUTOS = YES_AGGRESSIVE;
				GCC_WARN_UNUSED_FUNCTION = YES;
				GCC_WARN_UNUSED_VARIABLE = YES;
				IPHONEOS_DEPLOYMENT_TARGET = 17.2;
				LOCALIZATION_PREFERS_STRING_CATALOGS = YES;
				MTL_ENABLE_DEBUG_INFO = NO;
				MTL_FAST_MATH = YES;
				SDKROOT = iphoneos;
				SWIFT_COMPILATION_MODE = wholemodule;
				VALIDATE_PRODUCT = YES;
			};
			name = Release;
		};
		48C7ED792D4C458500B8DF34 /* Debug */ = {
			isa = XCBuildConfiguration;
			baseConfigurationReference = 9CE30D46FD5054D14978356B /* Pods-SportsApp.debug.xcconfig */;
			buildSettings = {
				ASSETCATALOG_COMPILER_APPICON_NAME = AppIcon;
				ASSETCATALOG_COMPILER_GLOBAL_ACCENT_COLOR_NAME = AccentColor;
				CODE_SIGN_STYLE = Automatic;
				CURRENT_PROJECT_VERSION = 1;
				ENABLE_USER_SCRIPT_SANDBOXING = NO;
				GENERATE_INFOPLIST_FILE = YES;
				INFOPLIST_FILE = SportsApp/Info.plist;
				INFOPLIST_KEY_UIApplicationSupportsIndirectInputEvents = YES;
				INFOPLIST_KEY_UILaunchStoryboardName = LaunchScreen;
				INFOPLIST_KEY_UIMainStoryboardFile = Main;
				INFOPLIST_KEY_UISupportedInterfaceOrientations_iPad = "UIInterfaceOrientationPortrait UIInterfaceOrientationPortraitUpsideDown UIInterfaceOrientationLandscapeLeft UIInterfaceOrientationLandscapeRight";
				INFOPLIST_KEY_UISupportedInterfaceOrientations_iPhone = "UIInterfaceOrientationPortrait UIInterfaceOrientationLandscapeLeft UIInterfaceOrientationLandscapeRight";
				LD_RUNPATH_SEARCH_PATHS = (
					"$(inherited)",
					"@executable_path/Frameworks",
				);
				MARKETING_VERSION = 1.0;
				PRODUCT_BUNDLE_IDENTIFIER = com.SportsApp;
				PRODUCT_NAME = "$(TARGET_NAME)";
				SWIFT_EMIT_LOC_STRINGS = YES;
				SWIFT_VERSION = 5.0;
				TARGETED_DEVICE_FAMILY = "1,2";
			};
			name = Debug;
		};
		48C7ED7A2D4C458500B8DF34 /* Release */ = {
			isa = XCBuildConfiguration;
			baseConfigurationReference = ED6552AD37EA98199F40CB21 /* Pods-SportsApp.release.xcconfig */;
			buildSettings = {
				ASSETCATALOG_COMPILER_APPICON_NAME = AppIcon;
				ASSETCATALOG_COMPILER_GLOBAL_ACCENT_COLOR_NAME = AccentColor;
				CODE_SIGN_STYLE = Automatic;
				CURRENT_PROJECT_VERSION = 1;
				ENABLE_USER_SCRIPT_SANDBOXING = NO;
				GENERATE_INFOPLIST_FILE = YES;
				INFOPLIST_FILE = SportsApp/Info.plist;
				INFOPLIST_KEY_UIApplicationSupportsIndirectInputEvents = YES;
				INFOPLIST_KEY_UILaunchStoryboardName = LaunchScreen;
				INFOPLIST_KEY_UIMainStoryboardFile = Main;
				INFOPLIST_KEY_UISupportedInterfaceOrientations_iPad = "UIInterfaceOrientationPortrait UIInterfaceOrientationPortraitUpsideDown UIInterfaceOrientationLandscapeLeft UIInterfaceOrientationLandscapeRight";
				INFOPLIST_KEY_UISupportedInterfaceOrientations_iPhone = "UIInterfaceOrientationPortrait UIInterfaceOrientationLandscapeLeft UIInterfaceOrientationLandscapeRight";
				LD_RUNPATH_SEARCH_PATHS = (
					"$(inherited)",
					"@executable_path/Frameworks",
				);
				MARKETING_VERSION = 1.0;
				PRODUCT_BUNDLE_IDENTIFIER = com.SportsApp;
				PRODUCT_NAME = "$(TARGET_NAME)";
				SWIFT_EMIT_LOC_STRINGS = YES;
				SWIFT_VERSION = 5.0;
				TARGETED_DEVICE_FAMILY = "1,2";
			};
			name = Release;
		};
		48C7ED7C2D4C458500B8DF34 /* Debug */ = {
			isa = XCBuildConfiguration;
			buildSettings = {
				ALWAYS_EMBED_SWIFT_STANDARD_LIBRARIES = YES;
				BUNDLE_LOADER = "$(TEST_HOST)";
				CODE_SIGN_STYLE = Automatic;
				CURRENT_PROJECT_VERSION = 1;
				GENERATE_INFOPLIST_FILE = YES;
				IPHONEOS_DEPLOYMENT_TARGET = 17.2;
				MARKETING_VERSION = 1.0;
				PRODUCT_BUNDLE_IDENTIFIER = com.SportsAppTests;
				PRODUCT_NAME = "$(TARGET_NAME)";
				SWIFT_EMIT_LOC_STRINGS = NO;
				SWIFT_VERSION = 5.0;
				TARGETED_DEVICE_FAMILY = "1,2";
				TEST_HOST = "$(BUILT_PRODUCTS_DIR)/SportsApp.app/$(BUNDLE_EXECUTABLE_FOLDER_PATH)/SportsApp";
			};
			name = Debug;
		};
		48C7ED7D2D4C458500B8DF34 /* Release */ = {
			isa = XCBuildConfiguration;
			buildSettings = {
				ALWAYS_EMBED_SWIFT_STANDARD_LIBRARIES = YES;
				BUNDLE_LOADER = "$(TEST_HOST)";
				CODE_SIGN_STYLE = Automatic;
				CURRENT_PROJECT_VERSION = 1;
				GENERATE_INFOPLIST_FILE = YES;
				IPHONEOS_DEPLOYMENT_TARGET = 17.2;
				MARKETING_VERSION = 1.0;
				PRODUCT_BUNDLE_IDENTIFIER = com.SportsAppTests;
				PRODUCT_NAME = "$(TARGET_NAME)";
				SWIFT_EMIT_LOC_STRINGS = NO;
				SWIFT_VERSION = 5.0;
				TARGETED_DEVICE_FAMILY = "1,2";
				TEST_HOST = "$(BUILT_PRODUCTS_DIR)/SportsApp.app/$(BUNDLE_EXECUTABLE_FOLDER_PATH)/SportsApp";
			};
			name = Release;
		};
		48C7ED7F2D4C458500B8DF34 /* Debug */ = {
			isa = XCBuildConfiguration;
			buildSettings = {
				ALWAYS_EMBED_SWIFT_STANDARD_LIBRARIES = YES;
				CODE_SIGN_STYLE = Automatic;
				CURRENT_PROJECT_VERSION = 1;
				GENERATE_INFOPLIST_FILE = YES;
				MARKETING_VERSION = 1.0;
				PRODUCT_BUNDLE_IDENTIFIER = com.SportsAppUITests;
				PRODUCT_NAME = "$(TARGET_NAME)";
				SWIFT_EMIT_LOC_STRINGS = NO;
				SWIFT_VERSION = 5.0;
				TARGETED_DEVICE_FAMILY = "1,2";
				TEST_TARGET_NAME = SportsApp;
			};
			name = Debug;
		};
		48C7ED802D4C458500B8DF34 /* Release */ = {
			isa = XCBuildConfiguration;
			buildSettings = {
				ALWAYS_EMBED_SWIFT_STANDARD_LIBRARIES = YES;
				CODE_SIGN_STYLE = Automatic;
				CURRENT_PROJECT_VERSION = 1;
				GENERATE_INFOPLIST_FILE = YES;
				MARKETING_VERSION = 1.0;
				PRODUCT_BUNDLE_IDENTIFIER = com.SportsAppUITests;
				PRODUCT_NAME = "$(TARGET_NAME)";
				SWIFT_EMIT_LOC_STRINGS = NO;
				SWIFT_VERSION = 5.0;
				TARGETED_DEVICE_FAMILY = "1,2";
				TEST_TARGET_NAME = SportsApp;
			};
			name = Release;
		};
/* End XCBuildConfiguration section */

/* Begin XCConfigurationList section */
		48C7ED462D4C458200B8DF34 /* Build configuration list for PBXProject "SportsApp" */ = {
			isa = XCConfigurationList;
			buildConfigurations = (
				48C7ED762D4C458500B8DF34 /* Debug */,
				48C7ED772D4C458500B8DF34 /* Release */,
			);
			defaultConfigurationIsVisible = 0;
			defaultConfigurationName = Release;
		};
		48C7ED782D4C458500B8DF34 /* Build configuration list for PBXNativeTarget "SportsApp" */ = {
			isa = XCConfigurationList;
			buildConfigurations = (
				48C7ED792D4C458500B8DF34 /* Debug */,
				48C7ED7A2D4C458500B8DF34 /* Release */,
			);
			defaultConfigurationIsVisible = 0;
			defaultConfigurationName = Release;
		};
		48C7ED7B2D4C458500B8DF34 /* Build configuration list for PBXNativeTarget "SportsAppTests" */ = {
			isa = XCConfigurationList;
			buildConfigurations = (
				48C7ED7C2D4C458500B8DF34 /* Debug */,
				48C7ED7D2D4C458500B8DF34 /* Release */,
			);
			defaultConfigurationIsVisible = 0;
			defaultConfigurationName = Release;
		};
		48C7ED7E2D4C458500B8DF34 /* Build configuration list for PBXNativeTarget "SportsAppUITests" */ = {
			isa = XCConfigurationList;
			buildConfigurations = (
				48C7ED7F2D4C458500B8DF34 /* Debug */,
				48C7ED802D4C458500B8DF34 /* Release */,
			);
			defaultConfigurationIsVisible = 0;
			defaultConfigurationName = Release;
		};
/* End XCConfigurationList section */

/* Begin XCVersionGroup section */
		48C7ED572D4C458200B8DF34 /* SportsApp.xcdatamodeld */ = {
			isa = XCVersionGroup;
			children = (
				48C7ED582D4C458200B8DF34 /* SportsApp.xcdatamodel */,
			);
			currentVersion = 48C7ED582D4C458200B8DF34 /* SportsApp.xcdatamodel */;
			path = SportsApp.xcdatamodeld;
			sourceTree = "<group>";
			versionGroupType = wrapper.xcdatamodel;
		};
/* End XCVersionGroup section */
	};
	rootObject = 48C7ED432D4C458200B8DF34 /* Project object */;
}
